{
  "name": "blog",
  "lockfileVersion": 3,
  "requires": true,
  "packages": {
    "": {
      "dependencies": {
        "@fontsource/dancing-script": "^5.2.6",
        "@fontsource/parisienne": "^5.2.6"
      }
    },
    "node_modules/@fontsource/dancing-script": {
      "version": "5.2.6",
      "resolved": "https://registry.npmjs.org/@fontsource/dancing-script/-/dancing-script-5.2.6.tgz",
      "integrity": "sha512-W6hAg34v1AyX10ijrBKMf0jg6V641RpylfBi1oXG1pzKgi+z2cpl0N9UDKDHoedpWnajjMuT6MgoaJvFxVAW5w==",
      "license": "OFL-1.1",
      "funding": {
        "url": "https://github.com/sponsors/ayuhito"
      }
    },
    "node_modules/@fontsource/parisienne": {
      "version": "5.2.6",
      "resolved": "https://registry.npmjs.org/@fontsource/parisienne/-/parisienne-5.2.6.tgz",
      "integrity": "sha512-/kNjP9LG0TjUUvNY0lr25JLrokqPDquRX4h37GrDleqdxOKmPOPAkMUeSKcTTVZPj3WwLsCiXcV2fQFpTywIMw==",
      "license": "OFL-1.1",
      "funding": {
        "url": "https://github.com/sponsors/ayuhito"
      }
    }
  }
}
